<?xml version="1.0" encoding="utf-8"?>
<Project ToolsVersion="4.0" xmlns="http://schemas.microsoft.com/developer/msbuild/2003">
  <ItemGroup>
    <Filter Include="Header Files">
      <UniqueIdentifier>{93995380-89BD-4b04-88EB-625FBE52EBFB}</UniqueIdentifier>
      <Extensions>h;hpp;hxx;hm;inl;inc;xsd</Extensions>
    </Filter>
    <Filter Include="Resource Files">
      <UniqueIdentifier>{67DA6AB6-F800-4c08-8B7A-83BB121AAD01}</UniqueIdentifier>
      <Extensions>rc;ico;cur;bmp;dlg;rc2;rct;bin;rgs;gif;jpg;jpeg;jpe;resx;tiff;tif;png;wav;mfcribbon-ms</Extensions>
    </Filter>
    <Filter Include="Source Files">
      <UniqueIdentifier>{4FC737F1-C7A5-4376-A066-2A32D752A2FF}</UniqueIdentifier>
      <Extensions>cpp;c;cc;cxx;def;odl;idl;hpj;bat;asm;asmx</Extensions>
    </Filter>
    <Filter Include="Header Files\objects">
      <UniqueIdentifier>{eaa133c0-9da7-43bf-be7b-5abe843d8a4c}</UniqueIdentifier>
    </Filter>
    <Filter Include="Source Files\objects">
      <UniqueIdentifier>{2929cb94-254e-4d42-b592-644ecca46f1f}</UniqueIdentifier>
    </Filter>
    <Filter Include="Source Files\particles">
      <UniqueIdentifier>{1f77765d-0f55-405a-85ae-3e741e1752dd}</UniqueIdentifier>
    </Filter>
    <Filter Include="Header Files\particles">
      <UniqueIdentifier>{b3f54304-42f8-4e4c-8821-1911d6594420}</UniqueIdentifier>
    </Filter>
    <Filter Include="Header Files\Game">
      <UniqueIdentifier>{c2005df8-297f-44fd-bc11-790c44d6bfec}</UniqueIdentifier>
    </Filter>
    <Filter Include="Source Files\Game">
      <UniqueIdentifier>{d148b58d-b936-4b39-80ef-aef0e6f576b0}</UniqueIdentifier>
    </Filter>
    <Filter Include="Header Files\MenuItems">
      <UniqueIdentifier>{762147fe-e016-435a-bbd9-7867232a5a2d}</UniqueIdentifier>
    </Filter>
    <Filter Include="Source Files\MenuItems">
      <UniqueIdentifier>{e1b5f874-e8be-4fba-a5a8-c2c087577b52}</UniqueIdentifier>
    </Filter>
    <Filter Include="Header Files\objects\names">
      <UniqueIdentifier>{643b32a6-90f9-41eb-bd93-1eb44b25f125}</UniqueIdentifier>
    </Filter>
    <Filter Include="Header Files\other">
      <UniqueIdentifier>{69f80fd2-0920-41a2-a639-79ed799720b4}</UniqueIdentifier>
    </Filter>
    <Filter Include="Header Files\light">
      <UniqueIdentifier>{441512c8-4e55-4bed-a8e6-1f293bb50d88}</UniqueIdentifier>
    </Filter>
    <Filter Include="Source Files\Lights">
      <UniqueIdentifier>{401f5317-97e3-41e9-a940-57d7ecadbcee}</UniqueIdentifier>
    </Filter>
  </ItemGroup>
  <ItemGroup>
    <ClCompile Include="ObjectManager.cpp">
      <Filter>Source Files</Filter>
    </ClCompile>
    <ClCompile Include="renderer.cpp">
      <Filter>Source Files</Filter>
    </ClCompile>
    <ClCompile Include="object.cpp">
      <Filter>Source Files</Filter>
    </ClCompile>
    <ClCompile Include="math.cpp">
      <Filter>Source Files</Filter>
    </ClCompile>
    <ClCompile Include="ContactListener.cpp">
      <Filter>Source Files</Filter>
    </ClCompile>
    <ClCompile Include="Actor.cpp">
      <Filter>Source Files\objects</Filter>
    </ClCompile>
    <ClCompile Include="block.cpp">
      <Filter>Source Files\objects</Filter>
    </ClCompile>
    <ClCompile Include="Floor.cpp">
      <Filter>Source Files\objects</Filter>
    </ClCompile>
    <ClCompile Include="MapLoader.cpp">
      <Filter>Source Files</Filter>
    </ClCompile>
    <ClCompile Include="main.cpp">
      <Filter>Source Files</Filter>
    </ClCompile>
    <ClCompile Include="INIReader.cpp">
      <Filter>Source Files</Filter>
    </ClCompile>
    <ClCompile Include="Block2.cpp">
      <Filter>Source Files\objects</Filter>
    </ClCompile>
    <ClCompile Include="Bomb1.cpp">
      <Filter>Source Files\objects</Filter>
    </ClCompile>
    <ClCompile Include="ParticleSystem.cpp">
      <Filter>Source Files\particles</Filter>
    </ClCompile>
    <ClCompile Include="ParticlesBomb.cpp">
      <Filter>Source Files\particles</Filter>
    </ClCompile>
    <ClCompile Include="Explosion.cpp">
      <Filter>Source Files\objects</Filter>
    </ClCompile>
    <ClCompile Include="Game.cpp">
      <Filter>Source Files\Game</Filter>
    </ClCompile>
    <ClCompile Include="GameStats.cpp">
      <Filter>Source Files\Game</Filter>
    </ClCompile>
    <ClCompile Include="GameInformation.cpp">
      <Filter>Source Files\Game</Filter>
    </ClCompile>
    <ClCompile Include="Enemy1.cpp">
      <Filter>Source Files\objects</Filter>
    </ClCompile>
    <ClCompile Include="Menu.cpp">
      <Filter>Source Files\Game</Filter>
    </ClCompile>
    <ClCompile Include="MenuItem.cpp">
      <Filter>Source Files\Game</Filter>
    </ClCompile>
    <ClCompile Include="PlayButton.cpp">
      <Filter>Source Files\MenuItems</Filter>
    </ClCompile>
    <ClCompile Include="ExitButton.cpp">
      <Filter>Source Files\MenuItems</Filter>
    </ClCompile>
    <ClCompile Include="BombContainer.cpp">
      <Filter>Source Files\Game</Filter>
    </ClCompile>
    <ClCompile Include="ItemLife.cpp">
      <Filter>Source Files\objects</Filter>
    </ClCompile>
    <ClCompile Include="ScoreBoard.cpp">
      <Filter>Source Files\Game</Filter>
    </ClCompile>
    <ClCompile Include="ItemPoints.cpp">
      <Filter>Source Files\objects</Filter>
    </ClCompile>
    <ClCompile Include="Corpse.cpp">
      <Filter>Source Files\objects</Filter>
    </ClCompile>
    <ClCompile Include="Bomb2.cpp">
      <Filter>Source Files\objects</Filter>
    </ClCompile>
    <ClCompile Include="ItemCrate.cpp">
      <Filter>Source Files\objects</Filter>
    </ClCompile>
    <ClCompile Include="Ladder.cpp">
      <Filter>Source Files\objects</Filter>
    </ClCompile>
    <ClCompile Include="lock.cpp">
      <Filter>Source Files\objects</Filter>
    </ClCompile>
    <ClCompile Include="Key.cpp">
      <Filter>Source Files\objects</Filter>
    </ClCompile>
    <ClCompile Include="Message.cpp">
      <Filter>Source Files\objects</Filter>
    </ClCompile>
    <ClCompile Include="Animation.cpp">
      <Filter>Source Files</Filter>
    </ClCompile>
    <ClCompile Include="ParticlesBombfire.cpp">
      <Filter>Source Files\particles</Filter>
    </ClCompile>
    <ClCompile Include="LightsManager.cpp">
      <Filter>Source Files\Lights</Filter>
    </ClCompile>
    <ClCompile Include="Light.cpp">
      <Filter>Source Files\Lights</Filter>
    </ClCompile>
    <ClCompile Include="RandomBuildingGenerator.cpp">
      <Filter>Source Files\objects</Filter>
    </ClCompile>
    <ClCompile Include="Input.cpp">
      <Filter>Source Files</Filter>
    </ClCompile>
  </ItemGroup>
  <ItemGroup>
    <ClInclude Include="ObjectManager.h">
      <Filter>Header Files</Filter>
    </ClInclude>
    <ClInclude Include="Renderer.h">
      <Filter>Header Files</Filter>
    </ClInclude>
    <ClInclude Include="Object.h">
      <Filter>Header Files</Filter>
    </ClInclude>
    <ClInclude Include="Resource.h">
      <Filter>Header Files</Filter>
    </ClInclude>
    <ClInclude Include="math.h">
      <Filter>Header Files</Filter>
    </ClInclude>
    <ClInclude Include="ContactListener.h">
      <Filter>Header Files</Filter>
    </ClInclude>
    <ClInclude Include="Actor.h">
      <Filter>Header Files\objects</Filter>
    </ClInclude>
    <ClInclude Include="Block.h">
      <Filter>Header Files\objects</Filter>
    </ClInclude>
    <ClInclude Include="Floor.h">
      <Filter>Header Files\objects</Filter>
    </ClInclude>
    <ClInclude Include="ObjectNames.h">
      <Filter>Header Files\objects\names</Filter>
    </ClInclude>
    <ClInclude Include="MapLoader.h">
      <Filter>Header Files</Filter>
    </ClInclude>
    <ClInclude Include="INIReader.h">
      <Filter>Header Files</Filter>
    </ClInclude>
    <ClInclude Include="Block2.h">
      <Filter>Header Files\objects</Filter>
    </ClInclude>
    <ClInclude Include="Bomb1.h">
      <Filter>Header Files\objects</Filter>
    </ClInclude>
    <ClInclude Include="ParticleSystem.h">
      <Filter>Header Files\particles</Filter>
    </ClInclude>
    <ClInclude Include="ParticlesBomb.h">
      <Filter>Header Files\particles</Filter>
    </ClInclude>
    <ClInclude Include="Explosion.h">
      <Filter>Header Files\objects</Filter>
    </ClInclude>
    <ClInclude Include="Settings.h">
      <Filter>Header Files\Game</Filter>
    </ClInclude>
    <ClInclude Include="Game.h">
      <Filter>Header Files\Game</Filter>
    </ClInclude>
    <ClInclude Include="GameStats.h">
      <Filter>Header Files\Game</Filter>
    </ClInclude>
    <ClInclude Include="GameInfo.h">
      <Filter>Header Files\Game</Filter>
    </ClInclude>
    <ClInclude Include="Enemy1.h">
      <Filter>Header Files\objects</Filter>
    </ClInclude>
    <ClInclude Include="Menu.h">
      <Filter>Header Files\Game</Filter>
    </ClInclude>
    <ClInclude Include="PlayButton.h">
      <Filter>Header Files\MenuItems</Filter>
    </ClInclude>
    <ClInclude Include="ExitButton.h">
      <Filter>Header Files\MenuItems</Filter>
    </ClInclude>
    <ClInclude Include="BombContainer.h">
      <Filter>Header Files\Game</Filter>
    </ClInclude>
    <ClInclude Include="ItemLife.h">
      <Filter>Header Files\objects</Filter>
    </ClInclude>
    <ClInclude Include="MenuItem.h">
      <Filter>Header Files\MenuItems</Filter>
    </ClInclude>
    <ClInclude Include="ItemPoints.h">
      <Filter>Header Files\objects</Filter>
    </ClInclude>
    <ClInclude Include="ScoreBoard.h">
      <Filter>Header Files\MenuItems</Filter>
    </ClInclude>
    <ClInclude Include="Corpse.h">
      <Filter>Header Files\objects</Filter>
    </ClInclude>
    <ClInclude Include="Bomb2.h">
      <Filter>Header Files\objects</Filter>
    </ClInclude>
    <ClInclude Include="ItemCrate.h">
      <Filter>Header Files\objects</Filter>
    </ClInclude>
    <ClInclude Include="Ladder.h">
      <Filter>Header Files\objects</Filter>
    </ClInclude>
    <ClInclude Include="Lock.h">
      <Filter>Header Files\objects</Filter>
    </ClInclude>
    <ClInclude Include="Key.h">
      <Filter>Header Files\objects</Filter>
    </ClInclude>
    <ClInclude Include="selectColor.h">
      <Filter>Header Files\other</Filter>
    </ClInclude>
    <ClInclude Include="Message.h">
      <Filter>Header Files\objects</Filter>
    </ClInclude>
    <ClInclude Include="Animation.h">
      <Filter>Header Files\other</Filter>
    </ClInclude>
    <ClInclude Include="ParticlesBombfire.h">
      <Filter>Header Files\particles</Filter>
    </ClInclude>
    <ClInclude Include="helperFunctions.h">
      <Filter>Header Files</Filter>
    </ClInclude>
    <ClInclude Include="LightsManager.h">
      <Filter>Header Files\light</Filter>
    </ClInclude>
    <ClInclude Include="Light.h">
      <Filter>Header Files\light</Filter>
    </ClInclude>
    <ClInclude Include="RandomBuildingGenerator.h">
      <Filter>Header Files\objects</Filter>
    </ClInclude>
    <ClInclude Include="createType.h">
      <Filter>Header Files\other</Filter>
    </ClInclude>
    <ClInclude Include="Input.h">
      <Filter>Header Files\objects</Filter>
    </ClInclude>
  </ItemGroup>
  <ItemGroup>
    <Text Include="toDo.txt">
      <Filter>Source Files</Filter>
    </Text>
  </ItemGroup>
</Project>