<?xml version="1.0" encoding="utf-8"?>
<Project ToolsVersion="4.0" xmlns="http://schemas.microsoft.com/developer/msbuild/2003">
  <ItemGroup>
    <ClCompile Include="C:\Users\Chris\code\Box2D_v2.2.1\HelloWorld\HelloWorld.cpp">
      <Filter>Source Files</Filter>
    </ClCompile>
  </ItemGroup>
  <ItemGroup>
    <CustomBuild Include="C:\Users\Chris\code\Box2D_v2.2.1\HelloWorld\CMakeLists.txt" />
  </ItemGroup>
  <ItemGroup>
    <Filter Include="Source Files">
      <UniqueIdentifier>{17A4B10C-AEE3-47D7-B7A8-B4469EE9143C}</UniqueIdentifier>
    </Filter>
  </ItemGroup>
</Project>
