Microsoft Visual Studio Solution File, Format Version 12.00
# Visual Studio Express 2012 for Windows Desktop
Project("{8BC9CEB8-8B4A-11D0-8D11-00A0C91BC942}") = "ALL_BUILD", "ALL_BUILD.vcxproj", "{2FA2B580-8166-49DF-BF64-04542CD21601}"
	ProjectSection(ProjectDependencies) = postProject
		{6B4B3FFD-7BA2-44D2-A951-0FE7A2D31E5B} = {6B4B3FFD-7BA2-44D2-A951-0FE7A2D31E5B}
		{B45E7D4A-40E3-4B4E-9343-EA9F0823BCB4} = {B45E7D4A-40E3-4B4E-9343-EA9F0823BCB4}
		{191B6703-4130-4E36-9CD3-92FD587D1E1A} = {191B6703-4130-4E36-9CD3-92FD587D1E1A}
		{2D0050AF-E130-4839-9F5E-F57C34720C9A} = {2D0050AF-E130-4839-9F5E-F57C34720C9A}
		{668920B0-67FD-4739-88D0-2476D7796D82} = {668920B0-67FD-4739-88D0-2476D7796D82}
		{F7E1587B-0156-4683-9278-5E06748EED81} = {F7E1587B-0156-4683-9278-5E06748EED81}
		{F4D09D6A-8EF4-4F06-9B11-E3119282A7C4} = {F4D09D6A-8EF4-4F06-9B11-E3119282A7C4}
	EndProjectSection
EndProject
Project("{8BC9CEB8-8B4A-11D0-8D11-00A0C91BC942}") = "Box2D", "Box2D\Box2D.vcxproj", "{6B4B3FFD-7BA2-44D2-A951-0FE7A2D31E5B}"
	ProjectSection(ProjectDependencies) = postProject
		{668920B0-67FD-4739-88D0-2476D7796D82} = {668920B0-67FD-4739-88D0-2476D7796D82}
	EndProjectSection
EndProject
Project("{8BC9CEB8-8B4A-11D0-8D11-00A0C91BC942}") = "Box2D_shared", "Box2D\Box2D_shared.vcxproj", "{B45E7D4A-40E3-4B4E-9343-EA9F0823BCB4}"
	ProjectSection(ProjectDependencies) = postProject
		{668920B0-67FD-4739-88D0-2476D7796D82} = {668920B0-67FD-4739-88D0-2476D7796D82}
	EndProjectSection
EndProject
Project("{8BC9CEB8-8B4A-11D0-8D11-00A0C91BC942}") = "HelloWorld", "HelloWorld\HelloWorld.vcxproj", "{191B6703-4130-4E36-9CD3-92FD587D1E1A}"
	ProjectSection(ProjectDependencies) = postProject
		{6B4B3FFD-7BA2-44D2-A951-0FE7A2D31E5B} = {6B4B3FFD-7BA2-44D2-A951-0FE7A2D31E5B}
		{668920B0-67FD-4739-88D0-2476D7796D82} = {668920B0-67FD-4739-88D0-2476D7796D82}
	EndProjectSection
EndProject
Project("{8BC9CEB8-8B4A-11D0-8D11-00A0C91BC942}") = "INSTALL", "INSTALL.vcxproj", "{E73ECD31-5283-4171-BE41-280518B00D2C}"
	ProjectSection(ProjectDependencies) = postProject
		{2FA2B580-8166-49DF-BF64-04542CD21601} = {2FA2B580-8166-49DF-BF64-04542CD21601}
	EndProjectSection
EndProject
Project("{8BC9CEB8-8B4A-11D0-8D11-00A0C91BC942}") = "Testbed", "Testbed\Testbed.vcxproj", "{2D0050AF-E130-4839-9F5E-F57C34720C9A}"
	ProjectSection(ProjectDependencies) = postProject
		{6B4B3FFD-7BA2-44D2-A951-0FE7A2D31E5B} = {6B4B3FFD-7BA2-44D2-A951-0FE7A2D31E5B}
		{668920B0-67FD-4739-88D0-2476D7796D82} = {668920B0-67FD-4739-88D0-2476D7796D82}
		{F7E1587B-0156-4683-9278-5E06748EED81} = {F7E1587B-0156-4683-9278-5E06748EED81}
		{F4D09D6A-8EF4-4F06-9B11-E3119282A7C4} = {F4D09D6A-8EF4-4F06-9B11-E3119282A7C4}
	EndProjectSection
EndProject
Project("{8BC9CEB8-8B4A-11D0-8D11-00A0C91BC942}") = "ZERO_CHECK", "ZERO_CHECK.vcxproj", "{668920B0-67FD-4739-88D0-2476D7796D82}"
	ProjectSection(ProjectDependencies) = postProject
	EndProjectSection
EndProject
Project("{8BC9CEB8-8B4A-11D0-8D11-00A0C91BC942}") = "freeglut_static", "freeglut\freeglut_static.vcxproj", "{F7E1587B-0156-4683-9278-5E06748EED81}"
	ProjectSection(ProjectDependencies) = postProject
		{668920B0-67FD-4739-88D0-2476D7796D82} = {668920B0-67FD-4739-88D0-2476D7796D82}
	EndProjectSection
EndProject
Project("{8BC9CEB8-8B4A-11D0-8D11-00A0C91BC942}") = "glui", "glui\glui.vcxproj", "{F4D09D6A-8EF4-4F06-9B11-E3119282A7C4}"
	ProjectSection(ProjectDependencies) = postProject
		{668920B0-67FD-4739-88D0-2476D7796D82} = {668920B0-67FD-4739-88D0-2476D7796D82}
	EndProjectSection
EndProject
Global
	GlobalSection(SolutionConfigurationPlatforms) = preSolution
		Debug|Win32 = Debug|Win32
		Release|Win32 = Release|Win32
		MinSizeRel|Win32 = MinSizeRel|Win32
		RelWithDebInfo|Win32 = RelWithDebInfo|Win32
	EndGlobalSection
	GlobalSection(ProjectConfigurationPlatforms) = postSolution
		{2FA2B580-8166-49DF-BF64-04542CD21601}.Debug|Win32.ActiveCfg = Debug|Win32
		{2FA2B580-8166-49DF-BF64-04542CD21601}.Debug|Win32.Build.0 = Debug|Win32
		{2FA2B580-8166-49DF-BF64-04542CD21601}.Release|Win32.ActiveCfg = Release|Win32
		{2FA2B580-8166-49DF-BF64-04542CD21601}.Release|Win32.Build.0 = Release|Win32
		{2FA2B580-8166-49DF-BF64-04542CD21601}.MinSizeRel|Win32.ActiveCfg = MinSizeRel|Win32
		{2FA2B580-8166-49DF-BF64-04542CD21601}.MinSizeRel|Win32.Build.0 = MinSizeRel|Win32
		{2FA2B580-8166-49DF-BF64-04542CD21601}.RelWithDebInfo|Win32.ActiveCfg = RelWithDebInfo|Win32
		{2FA2B580-8166-49DF-BF64-04542CD21601}.RelWithDebInfo|Win32.Build.0 = RelWithDebInfo|Win32
		{6B4B3FFD-7BA2-44D2-A951-0FE7A2D31E5B}.Debug|Win32.ActiveCfg = Debug|Win32
		{6B4B3FFD-7BA2-44D2-A951-0FE7A2D31E5B}.Debug|Win32.Build.0 = Debug|Win32
		{6B4B3FFD-7BA2-44D2-A951-0FE7A2D31E5B}.Release|Win32.ActiveCfg = Release|Win32
		{6B4B3FFD-7BA2-44D2-A951-0FE7A2D31E5B}.Release|Win32.Build.0 = Release|Win32
		{6B4B3FFD-7BA2-44D2-A951-0FE7A2D31E5B}.MinSizeRel|Win32.ActiveCfg = MinSizeRel|Win32
		{6B4B3FFD-7BA2-44D2-A951-0FE7A2D31E5B}.MinSizeRel|Win32.Build.0 = MinSizeRel|Win32
		{6B4B3FFD-7BA2-44D2-A951-0FE7A2D31E5B}.RelWithDebInfo|Win32.ActiveCfg = RelWithDebInfo|Win32
		{6B4B3FFD-7BA2-44D2-A951-0FE7A2D31E5B}.RelWithDebInfo|Win32.Build.0 = RelWithDebInfo|Win32
		{B45E7D4A-40E3-4B4E-9343-EA9F0823BCB4}.Debug|Win32.ActiveCfg = Debug|Win32
		{B45E7D4A-40E3-4B4E-9343-EA9F0823BCB4}.Debug|Win32.Build.0 = Debug|Win32
		{B45E7D4A-40E3-4B4E-9343-EA9F0823BCB4}.Release|Win32.ActiveCfg = Release|Win32
		{B45E7D4A-40E3-4B4E-9343-EA9F0823BCB4}.Release|Win32.Build.0 = Release|Win32
		{B45E7D4A-40E3-4B4E-9343-EA9F0823BCB4}.MinSizeRel|Win32.ActiveCfg = MinSizeRel|Win32
		{B45E7D4A-40E3-4B4E-9343-EA9F0823BCB4}.MinSizeRel|Win32.Build.0 = MinSizeRel|Win32
		{B45E7D4A-40E3-4B4E-9343-EA9F0823BCB4}.RelWithDebInfo|Win32.ActiveCfg = RelWithDebInfo|Win32
		{B45E7D4A-40E3-4B4E-9343-EA9F0823BCB4}.RelWithDebInfo|Win32.Build.0 = RelWithDebInfo|Win32
		{191B6703-4130-4E36-9CD3-92FD587D1E1A}.Debug|Win32.ActiveCfg = Debug|Win32
		{191B6703-4130-4E36-9CD3-92FD587D1E1A}.Debug|Win32.Build.0 = Debug|Win32
		{191B6703-4130-4E36-9CD3-92FD587D1E1A}.Release|Win32.ActiveCfg = Release|Win32
		{191B6703-4130-4E36-9CD3-92FD587D1E1A}.Release|Win32.Build.0 = Release|Win32
		{191B6703-4130-4E36-9CD3-92FD587D1E1A}.MinSizeRel|Win32.ActiveCfg = MinSizeRel|Win32
		{191B6703-4130-4E36-9CD3-92FD587D1E1A}.MinSizeRel|Win32.Build.0 = MinSizeRel|Win32
		{191B6703-4130-4E36-9CD3-92FD587D1E1A}.RelWithDebInfo|Win32.ActiveCfg = RelWithDebInfo|Win32
		{191B6703-4130-4E36-9CD3-92FD587D1E1A}.RelWithDebInfo|Win32.Build.0 = RelWithDebInfo|Win32
		{E73ECD31-5283-4171-BE41-280518B00D2C}.Debug|Win32.ActiveCfg = Debug|Win32
		{E73ECD31-5283-4171-BE41-280518B00D2C}.Release|Win32.ActiveCfg = Release|Win32
		{E73ECD31-5283-4171-BE41-280518B00D2C}.MinSizeRel|Win32.ActiveCfg = MinSizeRel|Win32
		{E73ECD31-5283-4171-BE41-280518B00D2C}.RelWithDebInfo|Win32.ActiveCfg = RelWithDebInfo|Win32
		{2D0050AF-E130-4839-9F5E-F57C34720C9A}.Debug|Win32.ActiveCfg = Debug|Win32
		{2D0050AF-E130-4839-9F5E-F57C34720C9A}.Debug|Win32.Build.0 = Debug|Win32
		{2D0050AF-E130-4839-9F5E-F57C34720C9A}.Release|Win32.ActiveCfg = Release|Win32
		{2D0050AF-E130-4839-9F5E-F57C34720C9A}.Release|Win32.Build.0 = Release|Win32
		{2D0050AF-E130-4839-9F5E-F57C34720C9A}.MinSizeRel|Win32.ActiveCfg = MinSizeRel|Win32
		{2D0050AF-E130-4839-9F5E-F57C34720C9A}.MinSizeRel|Win32.Build.0 = MinSizeRel|Win32
		{2D0050AF-E130-4839-9F5E-F57C34720C9A}.RelWithDebInfo|Win32.ActiveCfg = RelWithDebInfo|Win32
		{2D0050AF-E130-4839-9F5E-F57C34720C9A}.RelWithDebInfo|Win32.Build.0 = RelWithDebInfo|Win32
		{668920B0-67FD-4739-88D0-2476D7796D82}.Debug|Win32.ActiveCfg = Debug|Win32
		{668920B0-67FD-4739-88D0-2476D7796D82}.Debug|Win32.Build.0 = Debug|Win32
		{668920B0-67FD-4739-88D0-2476D7796D82}.Release|Win32.ActiveCfg = Release|Win32
		{668920B0-67FD-4739-88D0-2476D7796D82}.Release|Win32.Build.0 = Release|Win32
		{668920B0-67FD-4739-88D0-2476D7796D82}.MinSizeRel|Win32.ActiveCfg = MinSizeRel|Win32
		{668920B0-67FD-4739-88D0-2476D7796D82}.MinSizeRel|Win32.Build.0 = MinSizeRel|Win32
		{668920B0-67FD-4739-88D0-2476D7796D82}.RelWithDebInfo|Win32.ActiveCfg = RelWithDebInfo|Win32
		{668920B0-67FD-4739-88D0-2476D7796D82}.RelWithDebInfo|Win32.Build.0 = RelWithDebInfo|Win32
		{F7E1587B-0156-4683-9278-5E06748EED81}.Debug|Win32.ActiveCfg = Debug|Win32
		{F7E1587B-0156-4683-9278-5E06748EED81}.Debug|Win32.Build.0 = Debug|Win32
		{F7E1587B-0156-4683-9278-5E06748EED81}.Release|Win32.ActiveCfg = Release|Win32
		{F7E1587B-0156-4683-9278-5E06748EED81}.Release|Win32.Build.0 = Release|Win32
		{F7E1587B-0156-4683-9278-5E06748EED81}.MinSizeRel|Win32.ActiveCfg = MinSizeRel|Win32
		{F7E1587B-0156-4683-9278-5E06748EED81}.MinSizeRel|Win32.Build.0 = MinSizeRel|Win32
		{F7E1587B-0156-4683-9278-5E06748EED81}.RelWithDebInfo|Win32.ActiveCfg = RelWithDebInfo|Win32
		{F7E1587B-0156-4683-9278-5E06748EED81}.RelWithDebInfo|Win32.Build.0 = RelWithDebInfo|Win32
		{F4D09D6A-8EF4-4F06-9B11-E3119282A7C4}.Debug|Win32.ActiveCfg = Debug|Win32
		{F4D09D6A-8EF4-4F06-9B11-E3119282A7C4}.Debug|Win32.Build.0 = Debug|Win32
		{F4D09D6A-8EF4-4F06-9B11-E3119282A7C4}.Release|Win32.ActiveCfg = Release|Win32
		{F4D09D6A-8EF4-4F06-9B11-E3119282A7C4}.Release|Win32.Build.0 = Release|Win32
		{F4D09D6A-8EF4-4F06-9B11-E3119282A7C4}.MinSizeRel|Win32.ActiveCfg = MinSizeRel|Win32
		{F4D09D6A-8EF4-4F06-9B11-E3119282A7C4}.MinSizeRel|Win32.Build.0 = MinSizeRel|Win32
		{F4D09D6A-8EF4-4F06-9B11-E3119282A7C4}.RelWithDebInfo|Win32.ActiveCfg = RelWithDebInfo|Win32
		{F4D09D6A-8EF4-4F06-9B11-E3119282A7C4}.RelWithDebInfo|Win32.Build.0 = RelWithDebInfo|Win32
	EndGlobalSection
	GlobalSection(ExtensibilityGlobals) = postSolution
	EndGlobalSection
	GlobalSection(ExtensibilityAddIns) = postSolution
	EndGlobalSection
EndGlobal
